
Microsoft Visual Studio Solution File, Format Version 12.00
# Visual Studio Version 17
VisualStudioVersion = 17.8.34309.116
MinimumVisualStudioVersion = 10.0.40219.1
Project("{FAE04EC0-301F-11D3-BF4B-00C04F79EFBC}") = "ESAT-backend", "ESAT-backend\ESAT-backend.csproj", "{6DED198E-EB60-40FC-A692-E77DFAE1E09A}"
EndProject
Global
	GlobalSection(SolutionConfigurationPlatforms) = preSolution
		Debug|Any CPU = Debug|Any CPU
		Release|Any CPU = Release|Any CPU
	EndGlobalSection
	GlobalSection(ProjectConfigurationPlatforms) = postSolution
		{6DED198E-EB60-40FC-A692-E77DFAE1E09A}.Debug|Any CPU.ActiveCfg = Debug|Any CPU
		{6DED198E-EB60-40FC-A692-E77DFAE1E09A}.Debug|Any CPU.Build.0 = Debug|Any CPU
		{6DED198E-EB60-40FC-A692-E77DFAE1E09A}.Release|Any CPU.ActiveCfg = Release|Any CPU
		{6DED198E-EB60-40FC-A692-E77DFAE1E09A}.Release|Any CPU.Build.0 = Release|Any CPU
	EndGlobalSection
	GlobalSection(SolutionProperties) = preSolution
		HideSolutionNode = FALSE
	EndGlobalSection
	GlobalSection(ExtensibilityGlobals) = postSolution
		SolutionGuid = {90B6FA8E-226E-40FF-9CD6-344C2C0F1A6C}
	EndGlobalSection
EndGlobal
